
Microsoft Visual Studio Solution File, Format Version 12.00
# Visual Studio Version 16
VisualStudioVersion = 16.0.32126.315
MinimumVisualStudioVersion = 10.0.40219.1
Project("{FAE04EC0-301F-11D3-BF4B-00C04F79EFBC}") = "u21454249_HW04", "u21454249_HW04\u21454249_HW04.csproj", "{550CC8EE-9C76-4EE6-A958-63A5D622FB94}"
EndProject
Global
	GlobalSection(SolutionConfigurationPlatforms) = preSolution
		Debug|Any CPU = Debug|Any CPU
		Release|Any CPU = Release|Any CPU
	EndGlobalSection
	GlobalSection(ProjectConfigurationPlatforms) = postSolution
		{550CC8EE-9C76-4EE6-A958-63A5D622FB94}.Debug|Any CPU.ActiveCfg = Debug|Any CPU
		{550CC8EE-9C76-4EE6-A958-63A5D622FB94}.Debug|Any CPU.Build.0 = Debug|Any CPU
		{550CC8EE-9C76-4EE6-A958-63A5D622FB94}.Release|Any CPU.ActiveCfg = Release|Any CPU
		{550CC8EE-9C76-4EE6-A958-63A5D622FB94}.Release|Any CPU.Build.0 = Release|Any CPU
	EndGlobalSection
	GlobalSection(SolutionProperties) = preSolution
		HideSolutionNode = FALSE
	EndGlobalSection
	GlobalSection(ExtensibilityGlobals) = postSolution
		SolutionGuid = {14203ED4-222A-4640-95AB-43265BC6B955}
	EndGlobalSection
EndGlobal
